
Microsoft Visual Studio Solution File, Format Version 12.00
# Visual Studio Version 17
VisualStudioVersion = 17.5.002.0
MinimumVisualStudioVersion = 10.0.40219.1
Project("{9A19103F-16F7-4668-BE54-9A1E7A4F7556}") = "DesafioProjetoHospedagem", "DesafioProjetoHospedagem.csproj", "{9D786A54-188B-4578-B7E3-CC9C38049826}"
EndProject
Global
	GlobalSection(SolutionConfigurationPlatforms) = preSolution
		Debug|Any CPU = Debug|Any CPU
		Release|Any CPU = Release|Any CPU
	EndGlobalSection
	GlobalSection(ProjectConfigurationPlatforms) = postSolution
		{9D786A54-188B-4578-B7E3-CC9C38049826}.Debug|Any CPU.ActiveCfg = Debug|Any CPU
		{9D786A54-188B-4578-B7E3-CC9C38049826}.Debug|Any CPU.Build.0 = Debug|Any CPU
		{9D786A54-188B-4578-B7E3-CC9C38049826}.Release|Any CPU.ActiveCfg = Release|Any CPU
		{9D786A54-188B-4578-B7E3-CC9C38049826}.Release|Any CPU.Build.0 = Release|Any CPU
	EndGlobalSection
	GlobalSection(SolutionProperties) = preSolution
		HideSolutionNode = FALSE
	EndGlobalSection
	GlobalSection(ExtensibilityGlobals) = postSolution
		SolutionGuid = {0CE669DE-9AD6-4C58-A26C-813A309E54B9}
	EndGlobalSection
EndGlobal
